
Microsoft Visual Studio Solution File, Format Version 12.00
# Visual Studio Version 17
VisualStudioVersion = 17.5.33627.172
MinimumVisualStudioVersion = 10.0.40219.1
Project("{8BC9CEB8-8B4A-11D0-8D11-00A0C91BC942}") = "0510_1", "0510_1.vcxproj", "{CD847A8F-AB86-4355-955D-EE7AF0F9AD35}"
EndProject
Global
	GlobalSection(SolutionConfigurationPlatforms) = preSolution
		Debug|x64 = Debug|x64
		Debug|x86 = Debug|x86
		Release|x64 = Release|x64
		Release|x86 = Release|x86
	EndGlobalSection
	GlobalSection(ProjectConfigurationPlatforms) = postSolution
		{CD847A8F-AB86-4355-955D-EE7AF0F9AD35}.Debug|x64.ActiveCfg = Debug|x64
		{CD847A8F-AB86-4355-955D-EE7AF0F9AD35}.Debug|x64.Build.0 = Debug|x64
		{CD847A8F-AB86-4355-955D-EE7AF0F9AD35}.Debug|x86.ActiveCfg = Debug|Win32
		{CD847A8F-AB86-4355-955D-EE7AF0F9AD35}.Debug|x86.Build.0 = Debug|Win32
		{CD847A8F-AB86-4355-955D-EE7AF0F9AD35}.Release|x64.ActiveCfg = Release|x64
		{CD847A8F-AB86-4355-955D-EE7AF0F9AD35}.Release|x64.Build.0 = Release|x64
		{CD847A8F-AB86-4355-955D-EE7AF0F9AD35}.Release|x86.ActiveCfg = Release|Win32
		{CD847A8F-AB86-4355-955D-EE7AF0F9AD35}.Release|x86.Build.0 = Release|Win32
	EndGlobalSection
	GlobalSection(SolutionProperties) = preSolution
		HideSolutionNode = FALSE
	EndGlobalSection
	GlobalSection(ExtensibilityGlobals) = postSolution
		SolutionGuid = {3A63B668-1D30-4714-948B-C8CB81DF9B77}
	EndGlobalSection
EndGlobal
